
Microsoft Visual Studio Solution File, Format Version 12.00
# Visual Studio Version 17
VisualStudioVersion = 17.11.35222.181
MinimumVisualStudioVersion = 10.0.40219.1
Project("{FAE04EC0-301F-11D3-BF4B-00C04F79EFBC}") = "BT_B5", "LAB-03-02\BT_B5.csproj", "{F2EDD88B-E236-47A1-9C72-F115AD4555DB}"
EndProject
Global
	GlobalSection(SolutionConfigurationPlatforms) = preSolution
		Debug|Any CPU = Debug|Any CPU
		Release|Any CPU = Release|Any CPU
	EndGlobalSection
	GlobalSection(ProjectConfigurationPlatforms) = postSolution
		{F2EDD88B-E236-47A1-9C72-F115AD4555DB}.Debug|Any CPU.ActiveCfg = Debug|Any CPU
		{F2EDD88B-E236-47A1-9C72-F115AD4555DB}.Debug|Any CPU.Build.0 = Debug|Any CPU
		{F2EDD88B-E236-47A1-9C72-F115AD4555DB}.Release|Any CPU.ActiveCfg = Release|Any CPU
		{F2EDD88B-E236-47A1-9C72-F115AD4555DB}.Release|Any CPU.Build.0 = Release|Any CPU
	EndGlobalSection
	GlobalSection(SolutionProperties) = preSolution
		HideSolutionNode = FALSE
	EndGlobalSection
	GlobalSection(ExtensibilityGlobals) = postSolution
		SolutionGuid = {041DCB87-3C57-4067-8F5E-3B71CA84B1FC}
	EndGlobalSection
EndGlobal
